
Microsoft Visual Studio Solution File, Format Version 12.00
# Visual Studio Version 17
VisualStudioVersion = 17.2.32630.192
MinimumVisualStudioVersion = 10.0.40219.1
Project("{FAE04EC0-301F-11D3-BF4B-00C04F79EFBC}") = "Trifonova_vk", "Trifonova_vk\Trifonova_vk.csproj", "{2298B1B0-6EC4-4339-BB18-B1137426BE48}"
EndProject
Global
	GlobalSection(SolutionConfigurationPlatforms) = preSolution
		Debug|Any CPU = Debug|Any CPU
		Release|Any CPU = Release|Any CPU
	EndGlobalSection
	GlobalSection(ProjectConfigurationPlatforms) = postSolution
		{2298B1B0-6EC4-4339-BB18-B1137426BE48}.Debug|Any CPU.ActiveCfg = Debug|Any CPU
		{2298B1B0-6EC4-4339-BB18-B1137426BE48}.Debug|Any CPU.Build.0 = Debug|Any CPU
		{2298B1B0-6EC4-4339-BB18-B1137426BE48}.Release|Any CPU.ActiveCfg = Release|Any CPU
		{2298B1B0-6EC4-4339-BB18-B1137426BE48}.Release|Any CPU.Build.0 = Release|Any CPU
	EndGlobalSection
	GlobalSection(SolutionProperties) = preSolution
		HideSolutionNode = FALSE
	EndGlobalSection
	GlobalSection(ExtensibilityGlobals) = postSolution
		SolutionGuid = {7E79A2B0-E0D1-4710-9658-6431E5E8ED4C}
	EndGlobalSection
EndGlobal
